// !$*UTF8*$!
{
	archiveVersion = 1;
	classes = {
	};
	objectVersion = 77;
	objects = {

/* Begin PBXBuildFile section */
		6422A86F2D9BB5550043797C /* FirebaseAuth in Frameworks */ = {isa = PBXBuildFile; productRef = 6422A86E2D9BB5550043797C /* FirebaseAuth */; };
		6422A8712D9BB5550043797C /* FirebaseCore in Frameworks */ = {isa = PBXBuildFile; productRef = 6422A8702D9BB5550043797C /* FirebaseCore */; };
		6422A8732D9BB7990043797C /* FirebaseFirestore in Frameworks */ = {isa = PBXBuildFile; productRef = 6422A8722D9BB7990043797C /* FirebaseFirestore */; };
		6422A8752D9BBAE20043797C /* FirebaseDatabase in Frameworks */ = {isa = PBXBuildFile; productRef = 6422A8742D9BBAE20043797C /* FirebaseDatabase */; };
/* End PBXBuildFile section */

/* Begin PBXContainerItemProxy section */
		64C936642D89C13F00084E3F /* PBXContainerItemProxy */ = {
			isa = PBXContainerItemProxy;
			containerPortal = 64C9364B2D89C13E00084E3F /* Project object */;
			proxyType = 1;
			remoteGlobalIDString = 64C936522D89C13E00084E3F;
			remoteInfo = BabyChat;
		};
		64C9366E2D89C13F00084E3F /* PBXContainerItemProxy */ = {
			isa = PBXContainerItemProxy;
			containerPortal = 64C9364B2D89C13E00084E3F /* Project object */;
			proxyType = 1;
			remoteGlobalIDString = 64C936522D89C13E00084E3F;
			remoteInfo = BabyChat;
		};
/* End PBXContainerItemProxy section */

/* Begin PBXFileReference section */
		64C936532D89C13E00084E3F /* BabyChat.app */ = {isa = PBXFileReference; explicitFileType = wrapper.application; includeInIndex = 0; path = BabyChat.app; sourceTree = BUILT_PRODUCTS_DIR; };
		64C936632D89C13F00084E3F /* BabyChatTests.xctest */ = {isa = PBXFileReference; explicitFileType = wrapper.cfbundle; includeInIndex = 0; path = BabyChatTests.xctest; sourceTree = BUILT_PRODUCTS_DIR; };
		64C9366D2D89C13F00084E3F /* BabyChatUITests.xctest */ = {isa = PBXFileReference; explicitFileType = wrapper.cfbundle; includeInIndex = 0; path = BabyChatUITests.xctest; sourceTree = BUILT_PRODUCTS_DIR; };
/* End PBXFileReference section */

/* Begin PBXFileSystemSynchronizedBuildFileExceptionSet section */
		64182A912D98C2AE00A7CEC5 /* Exceptions for "BabyChat" folder in "BabyChat" target */ = {
			isa = PBXFileSystemSynchronizedBuildFileExceptionSet;
			membershipExceptions = (
				Info.plist,
			);
			target = 64C936522D89C13E00084E3F /* BabyChat */;
		};
/* End PBXFileSystemSynchronizedBuildFileExceptionSet section */

/* Begin PBXFileSystemSynchronizedRootGroup section */
		64C936552D89C13E00084E3F /* BabyChat */ = {
			isa = PBXFileSystemSynchronizedRootGroup;
			exceptions = (
				64182A912D98C2AE00A7CEC5 /* Exceptions for "BabyChat" folder in "BabyChat" target */,
			);
			path = BabyChat;
			sourceTree = "<group>";
		};
		64C936662D89C13F00084E3F /* BabyChatTests */ = {
			isa = PBXFileSystemSynchronizedRootGroup;
			path = BabyChatTests;
			sourceTree = "<group>";
		};
		64C936702D89C13F00084E3F /* BabyChatUITests */ = {
			isa = PBXFileSystemSynchronizedRootGroup;
			path = BabyChatUITests;
			sourceTree = "<group>";
		};
/* End PBXFileSystemSynchronizedRootGroup section */

/* Begin PBXFrameworksBuildPhase section */
		64C936502D89C13E00084E3F /* Frameworks */ = {
			isa = PBXFrameworksBuildPhase;
			buildActionMask = 2147483647;
			files = (
				6422A8712D9BB5550043797C /* FirebaseCore in Frameworks */,
				6422A86F2D9BB5550043797C /* FirebaseAuth in Frameworks */,
				6422A8752D9BBAE20043797C /* FirebaseDatabase in Frameworks */,
				6422A8732D9BB7990043797C /* FirebaseFirestore in Frameworks */,
			);
			runOnlyForDeploymentPostprocessing = 0;
		};
		64C936602D89C13F00084E3F /* Frameworks */ = {
			isa = PBXFrameworksBuildPhase;
			buildActionMask = 2147483647;
			files = (
			);
			runOnlyForDeploymentPostprocessing = 0;
		};
		64C9366A2D89C13F00084E3F /* Frameworks */ = {
			isa = PBXFrameworksBuildPhase;
			buildActionMask = 2147483647;
			files = (
			);
			runOnlyForDeploymentPostprocessing = 0;
		};
/* End PBXFrameworksBuildPhase section */

/* Begin PBXGroup section */
		64C9364A2D89C13E00084E3F = {
			isa = PBXGroup;
			children = (
				64C936552D89C13E00084E3F /* BabyChat */,
				64C936662D89C13F00084E3F /* BabyChatTests */,
				64C936702D89C13F00084E3F /* BabyChatUITests */,
				64C936542D89C13E00084E3F /* Products */,
			);
			sourceTree = "<group>";
		};
		64C936542D89C13E00084E3F /* Products */ = {
			isa = PBXGroup;
			children = (
				64C936532D89C13E00084E3F /* BabyChat.app */,
				64C936632D89C13F00084E3F /* BabyChatTests.xctest */,
				64C9366D2D89C13F00084E3F /* BabyChatUITests.xctest */,
			);
			name = Products;
			sourceTree = "<group>";
		};
/* End PBXGroup section */

/* Begin PBXNativeTarget section */
		64C936522D89C13E00084E3F /* BabyChat */ = {
			isa = PBXNativeTarget;
			buildConfigurationList = 64C936772D89C13F00084E3F /* Build configuration list for PBXNativeTarget "BabyChat" */;
			buildPhases = (
				64C9364F2D89C13E00084E3F /* Sources */,
				64C936502D89C13E00084E3F /* Frameworks */,
				64C936512D89C13E00084E3F /* Resources */,
			);
			buildRules = (
			);
			dependencies = (
			);
			fileSystemSynchronizedGroups = (
				64C936552D89C13E00084E3F /* BabyChat */,
			);
			name = BabyChat;
			packageProductDependencies = (
				6422A86E2D9BB5550043797C /* FirebaseAuth */,
				6422A8702D9BB5550043797C /* FirebaseCore */,
				6422A8722D9BB7990043797C /* FirebaseFirestore */,
				6422A8742D9BBAE20043797C /* FirebaseDatabase */,
			);
			productName = BabyChat;
			productReference = 64C936532D89C13E00084E3F /* BabyChat.app */;
			productType = "com.apple.product-type.application";
		};
		64C936622D89C13F00084E3F /* BabyChatTests */ = {
			isa = PBXNativeTarget;
			buildConfigurationList = 64C9367A2D89C13F00084E3F /* Build configuration list for PBXNativeTarget "BabyChatTests" */;
			buildPhases = (
				64C9365F2D89C13F00084E3F /* Sources */,
				64C936602D89C13F00084E3F /* Frameworks */,
				64C936612D89C13F00084E3F /* Resources */,
			);
			buildRules = (
			);
			dependencies = (
				64C936652D89C13F00084E3F /* PBXTargetDependency */,
			);
			fileSystemSynchronizedGroups = (
				64C936662D89C13F00084E3F /* BabyChatTests */,
			);
			name = BabyChatTests;
			packageProductDependencies = (
			);
			productName = BabyChatTests;
			productReference = 64C936632D89C13F00084E3F /* BabyChatTests.xctest */;
			productType = "com.apple.product-type.bundle.unit-test";
		};
		64C9366C2D89C13F00084E3F /* BabyChatUITests */ = {
			isa = PBXNativeTarget;
			buildConfigurationList = 64C9367D2D89C13F00084E3F /* Build configuration list for PBXNativeTarget "BabyChatUITests" */;
			buildPhases = (
				64C936692D89C13F00084E3F /* Sources */,
				64C9366A2D89C13F00084E3F /* Frameworks */,
				64C9366B2D89C13F00084E3F /* Resources */,
			);
			buildRules = (
			);
			dependencies = (
				64C9366F2D89C13F00084E3F /* PBXTargetDependency */,
			);
			fileSystemSynchronizedGroups = (
				64C936702D89C13F00084E3F /* BabyChatUITests */,
			);
			name = BabyChatUITests;
			packageProductDependencies = (
			);
			productName = BabyChatUITests;
			productReference = 64C9366D2D89C13F00084E3F /* BabyChatUITests.xctest */;
			productType = "com.apple.product-type.bundle.ui-testing";
		};
/* End PBXNativeTarget section */

/* Begin PBXProject section */
		64C9364B2D89C13E00084E3F /* Project object */ = {
			isa = PBXProject;
			attributes = {
				BuildIndependentTargetsInParallel = 1;
				LastSwiftUpdateCheck = 1620;
				LastUpgradeCheck = 1620;
				TargetAttributes = {
					64C936522D89C13E00084E3F = {
						CreatedOnToolsVersion = 16.2;
					};
					64C936622D89C13F00084E3F = {
						CreatedOnToolsVersion = 16.2;
						TestTargetID = 64C936522D89C13E00084E3F;
					};
					64C9366C2D89C13F00084E3F = {
						CreatedOnToolsVersion = 16.2;
						TestTargetID = 64C936522D89C13E00084E3F;
					};
				};
			};
			buildConfigurationList = 64C9364E2D89C13E00084E3F /* Build configuration list for PBXProject "BabyChat" */;
			developmentRegion = en;
			hasScannedForEncodings = 0;
			knownRegions = (
				en,
				Base,
			);
			mainGroup = 64C9364A2D89C13E00084E3F;
			minimizedProjectReferenceProxies = 1;
			packageReferences = (
				6422A86D2D9BB5550043797C /* XCRemoteSwiftPackageReference "firebase-ios-sdk" */,
			);
			preferredProjectObjectVersion = 77;
			productRefGroup = 64C936542D89C13E00084E3F /* Products */;
			projectDirPath = "";
			projectRoot = "";
			targets = (
				64C936522D89C13E00084E3F /* BabyChat */,
				64C936622D89C13F00084E3F /* BabyChatTests */,
				64C9366C2D89C13F00084E3F /* BabyChatUITests */,
			);
		};
/* End PBXProject section */

/* Begin PBXResourcesBuildPhase section */
		64C936512D89C13E00084E3F /* Resources */ = {
			isa = PBXResourcesBuildPhase;
			buildActionMask = 2147483647;
			files = (
			);
			runOnlyForDeploymentPostprocessing = 0;
		};
		64C936612D89C13F00084E3F /* Resources */ = {
			isa = PBXResourcesBuildPhase;
			buildActionMask = 2147483647;
			files = (
			);
			runOnlyForDeploymentPostprocessing = 0;
		};
		64C9366B2D89C13F00084E3F /* Resources */ = {
			isa = PBXResourcesBuildPhase;
			buildActionMask = 2147483647;
			files = (
			);
			runOnlyForDeploymentPostprocessing = 0;
		};
/* End PBXResourcesBuildPhase section */

/* Begin PBXSourcesBuildPhase section */
		64C9364F2D89C13E00084E3F /* Sources */ = {
			isa = PBXSourcesBuildPhase;
			buildActionMask = 2147483647;
			files = (
			);
			runOnlyForDeploymentPostprocessing = 0;
		};
		64C9365F2D89C13F00084E3F /* Sources */ = {
			isa = PBXSourcesBuildPhase;
			buildActionMask = 2147483647;
			files = (
			);
			runOnlyForDeploymentPostprocessing = 0;
		};
		64C936692D89C13F00084E3F /* Sources */ = {
			isa = PBXSourcesBuildPhase;
			buildActionMask = 2147483647;
			files = (
			);
			runOnlyForDeploymentPostprocessing = 0;
		};
/* End PBXSourcesBuildPhase section */

/* Begin PBXTargetDependency section */
		64C936652D89C13F00084E3F /* PBXTargetDependency */ = {
			isa = PBXTargetDependency;
			target = 64C936522D89C13E00084E3F /* BabyChat */;
			targetProxy = 64C936642D89C13F00084E3F /* PBXContainerItemProxy */;
		};
		64C9366F2D89C13F00084E3F /* PBXTargetDependency */ = {
			isa = PBXTargetDependency;
			target = 64C936522D89C13E00084E3F /* BabyChat */;
			targetProxy = 64C9366E2D89C13F00084E3F /* PBXContainerItemProxy */;
		};
/* End PBXTargetDependency section */

/* Begin XCBuildConfiguration section */
		64C936752D89C13F00084E3F /* Debug */ = {
			isa = XCBuildConfiguration;
			buildSettings = {
				ALWAYS_SEARCH_USER_PATHS = NO;
				ASSETCATALOG_COMPILER_GENERATE_SWIFT_ASSET_SYMBOL_EXTENSIONS = YES;
				CLANG_ANALYZER_NONNULL = YES;
				CLANG_ANALYZER_NUMBER_OBJECT_CONVERSION = YES_AGGRESSIVE;
				CLANG_CXX_LANGUAGE_STANDARD = "gnu++20";
				CLANG_ENABLE_MODULES = YES;
				CLANG_ENABLE_OBJC_ARC = YES;
				CLANG_ENABLE_OBJC_WEAK = YES;
				CLANG_WARN_BLOCK_CAPTURE_AUTORELEASING = YES;
				CLANG_WARN_BOOL_CONVERSION = YES;
				CLANG_WARN_COMMA = YES;
				CLANG_WARN_CONSTANT_CONVERSION = YES;
				CLANG_WARN_DEPRECATED_OBJC_IMPLEMENTATIONS = YES;
				CLANG_WARN_DIRECT_OBJC_ISA_USAGE = YES_ERROR;
				CLANG_WARN_DOCUMENTATION_COMMENTS = YES;
				CLANG_WARN_EMPTY_BODY = YES;
				CLANG_WARN_ENUM_CONVERSION = YES;
				CLANG_WARN_INFINITE_RECURSION = YES;
				CLANG_WARN_INT_CONVERSION = YES;
				CLANG_WARN_NON_LITERAL_NULL_CONVERSION = YES;
				CLANG_WARN_OBJC_IMPLICIT_RETAIN_SELF = YES;
				CLANG_WARN_OBJC_LITERAL_CONVERSION = YES;
				CLANG_WARN_OBJC_ROOT_CLASS = YES_ERROR;
				CLANG_WARN_QUOTED_INCLUDE_IN_FRAMEWORK_HEADER = YES;
				CLANG_WARN_RANGE_LOOP_ANALYSIS = YES;
				CLANG_WARN_STRICT_PROTOTYPES = YES;
				CLANG_WARN_SUSPICIOUS_MOVE = YES;
				CLANG_WARN_UNGUARDED_AVAILABILITY = YES_AGGRESSIVE;
				CLANG_WARN_UNREACHABLE_CODE = YES;
				CLANG_WARN__DUPLICATE_METHOD_MATCH = YES;
				COPY_PHASE_STRIP = NO;
				DEBUG_INFORMATION_FORMAT = dwarf;
				ENABLE_STRICT_OBJC_MSGSEND = YES;
				ENABLE_TESTABILITY = YES;
				ENABLE_USER_SCRIPT_SANDBOXING = YES;
				GCC_C_LANGUAGE_STANDARD = gnu17;
				GCC_DYNAMIC_NO_PIC = NO;
				GCC_NO_COMMON_BLOCKS = YES;
				GCC_OPTIMIZATION_LEVEL = 0;
				GCC_PREPROCESSOR_DEFINITIONS = (
					"DEBUG=1",
					"$(inherited)",
				);
				GCC_WARN_64_TO_32_BIT_CONVERSION = YES;
				GCC_WARN_ABOUT_RETURN_TYPE = YES_ERROR;
				GCC_WARN_UNDECLARED_SELECTOR = YES;
				GCC_WARN_UNINITIALIZED_AUTOS = YES_AGGRESSIVE;
				GCC_WARN_UNUSED_FUNCTION = YES;
				GCC_WARN_UNUSED_VARIABLE = YES;
				IPHONEOS_DEPLOYMENT_TARGET = 18.2;
				LOCALIZATION_PREFERS_STRING_CATALOGS = YES;
				MTL_ENABLE_DEBUG_INFO = INCLUDE_SOURCE;
				MTL_FAST_MATH = YES;
				ONLY_ACTIVE_ARCH = YES;
				SDKROOT = iphoneos;
				SWIFT_ACTIVE_COMPILATION_CONDITIONS = "DEBUG $(inherited)";
				SWIFT_OPTIMIZATION_LEVEL = "-Onone";
			};
			name = Debug;
		};
		64C936762D89C13F00084E3F /* Release */ = {
			isa = XCBuildConfiguration;
			buildSettings = {
				ALWAYS_SEARCH_USER_PATHS = NO;
				ASSETCATALOG_COMPILER_GENERATE_SWIFT_ASSET_SYMBOL_EXTENSIONS = YES;
				CLANG_ANALYZER_NONNULL = YES;
				CLANG_ANALYZER_NUMBER_OBJECT_CONVERSION = YES_AGGRESSIVE;
				CLANG_CXX_LANGUAGE_STANDARD = "gnu++20";
				CLANG_ENABLE_MODULES = YES;
				CLANG_ENABLE_OBJC_ARC = YES;
				CLANG_ENABLE_OBJC_WEAK = YES;
				CLANG_WARN_BLOCK_CAPTURE_AUTORELEASING = YES;
				CLANG_WARN_BOOL_CONVERSION = YES;
				CLANG_WARN_COMMA = YES;
				CLANG_WARN_CONSTANT_CONVERSION = YES;
				CLANG_WARN_DEPRECATED_OBJC_IMPLEMENTATIONS = YES;
				CLANG_WARN_DIRECT_OBJC_ISA_USAGE = YES_ERROR;
				CLANG_WARN_DOCUMENTATION_COMMENTS = YES;
				CLANG_WARN_EMPTY_BODY = YES;
				CLANG_WARN_ENUM_CONVERSION = YES;
				CLANG_WARN_INFINITE_RECURSION = YES;
				CLANG_WARN_INT_CONVERSION = YES;
				CLANG_WARN_NON_LITERAL_NULL_CONVERSION = YES;
				CLANG_WARN_OBJC_IMPLICIT_RETAIN_SELF = YES;
				CLANG_WARN_OBJC_LITERAL_CONVERSION = YES;
				CLANG_WARN_OBJC_ROOT_CLASS = YES_ERROR;
				CLANG_WARN_QUOTED_INCLUDE_IN_FRAMEWORK_HEADER = YES;
				CLANG_WARN_RANGE_LOOP_ANALYSIS = YES;
				CLANG_WARN_STRICT_PROTOTYPES = YES;
				CLANG_WARN_SUSPICIOUS_MOVE = YES;
				CLANG_WARN_UNGUARDED_AVAILABILITY = YES_AGGRESSIVE;
				CLANG_WARN_UNREACHABLE_CODE = YES;
				CLANG_WARN__DUPLICATE_METHOD_MATCH = YES;
				COPY_PHASE_STRIP = NO;
				DEBUG_INFORMATION_FORMAT = "dwarf-with-dsym";
				ENABLE_NS_ASSERTIONS = NO;
				ENABLE_STRICT_OBJC_MSGSEND = YES;
				ENABLE_USER_SCRIPT_SANDBOXING = YES;
				GCC_C_LANGUAGE_STANDARD = gnu17;
				GCC_NO_COMMON_BLOCKS = YES;
				GCC_WARN_64_TO_32_BIT_CONVERSION = YES;
				GCC_WARN_ABOUT_RETURN_TYPE = YES_ERROR;
				GCC_WARN_UNDECLARED_SELECTOR = YES;
				GCC_WARN_UNINITIALIZED_AUTOS = YES_AGGRESSIVE;
				GCC_WARN_UNUSED_FUNCTION = YES;
				GCC_WARN_UNUSED_VARIABLE = YES;
				IPHONEOS_DEPLOYMENT_TARGET = 18.2;
				LOCALIZATION_PREFERS_STRING_CATALOGS = YES;
				MTL_ENABLE_DEBUG_INFO = NO;
				MTL_FAST_MATH = YES;
				SDKROOT = iphoneos;
				SWIFT_COMPILATION_MODE = wholemodule;
				VALIDATE_PRODUCT = YES;
			};
			name = Release;
		};
		64C936782D89C13F00084E3F /* Debug */ = {
			isa = XCBuildConfiguration;
			buildSettings = {
				ASSETCATALOG_COMPILER_APPICON_NAME = AppIcon;
				ASSETCATALOG_COMPILER_GLOBAL_ACCENT_COLOR_NAME = AccentColor;
				CODE_SIGN_STYLE = Automatic;
				CURRENT_PROJECT_VERSION = 1;
				DEVELOPMENT_ASSET_PATHS = "\"BabyChat/Preview Content\"";
				DEVELOPMENT_TEAM = 6G8P6SS76D;
				ENABLE_PREVIEWS = YES;
				GENERATE_INFOPLIST_FILE = YES;
				INFOPLIST_FILE = BabyChat/Info.plist;
				INFOPLIST_KEY_LSApplicationCategoryType = "public.app-category.productivity";
				INFOPLIST_KEY_UIApplicationSceneManifest_Generation = YES;
				INFOPLIST_KEY_UIApplicationSupportsIndirectInputEvents = YES;
				INFOPLIST_KEY_UILaunchScreen_Generation = YES;
				INFOPLIST_KEY_UISupportedInterfaceOrientations_iPad = "UIInterfaceOrientationPortrait UIInterfaceOrientationPortraitUpsideDown UIInterfaceOrientationLandscapeLeft UIInterfaceOrientationLandscapeRight";
				INFOPLIST_KEY_UISupportedInterfaceOrientations_iPhone = "UIInterfaceOrientationPortrait UIInterfaceOrientationLandscapeLeft UIInterfaceOrientationLandscapeRight";
				LD_RUNPATH_SEARCH_PATHS = (
					"$(inherited)",
					"@executable_path/Frameworks",
				);
				MARKETING_VERSION = 1.0;
				PRODUCT_BUNDLE_IDENTIFIER = com.babychatinc.BabyChat;
				PRODUCT_NAME = "$(TARGET_NAME)";
				SWIFT_EMIT_LOC_STRINGS = YES;
				SWIFT_VERSION = 5.0;
				TARGETED_DEVICE_FAMILY = "1,2";
			};
			name = Debug;
		};
		64C936792D89C13F00084E3F /* Release */ = {
			isa = XCBuildConfiguration;
			buildSettings = {
				ASSETCATALOG_COMPILER_APPICON_NAME = AppIcon;
				ASSETCATALOG_COMPILER_GLOBAL_ACCENT_COLOR_NAME = AccentColor;
				CODE_SIGN_STYLE = Automatic;
				CURRENT_PROJECT_VERSION = 1;
				DEVELOPMENT_ASSET_PATHS = "\"BabyChat/Preview Content\"";
				DEVELOPMENT_TEAM = 6G8P6SS76D;
				ENABLE_PREVIEWS = YES;
				GENERATE_INFOPLIST_FILE = YES;
				INFOPLIST_FILE = BabyChat/Info.plist;
				INFOPLIST_KEY_LSApplicationCategoryType = "public.app-category.productivity";
				INFOPLIST_KEY_UIApplicationSceneManifest_Generation = YES;
				INFOPLIST_KEY_UIApplicationSupportsIndirectInputEvents = YES;
				INFOPLIST_KEY_UILaunchScreen_Generation = YES;
				INFOPLIST_KEY_UISupportedInterfaceOrientations_iPad = "UIInterfaceOrientationPortrait UIInterfaceOrientationPortraitUpsideDown UIInterfaceOrientationLandscapeLeft UIInterfaceOrientationLandscapeRight";
				INFOPLIST_KEY_UISupportedInterfaceOrientations_iPhone = "UIInterfaceOrientationPortrait UIInterfaceOrientationLandscapeLeft UIInterfaceOrientationLandscapeRight";
				LD_RUNPATH_SEARCH_PATHS = (
					"$(inherited)",
					"@executable_path/Frameworks",
				);
				MARKETING_VERSION = 1.0;
				PRODUCT_BUNDLE_IDENTIFIER = com.babychatinc.BabyChat;
				PRODUCT_NAME = "$(TARGET_NAME)";
				SWIFT_EMIT_LOC_STRINGS = YES;
				SWIFT_VERSION = 5.0;
				TARGETED_DEVICE_FAMILY = "1,2";
			};
			name = Release;
		};
		64C9367B2D89C13F00084E3F /* Debug */ = {
			isa = XCBuildConfiguration;
			buildSettings = {
				BUNDLE_LOADER = "$(TEST_HOST)";
				CODE_SIGN_STYLE = Automatic;
				CURRENT_PROJECT_VERSION = 1;
				GENERATE_INFOPLIST_FILE = YES;
				IPHONEOS_DEPLOYMENT_TARGET = 18.2;
				MARKETING_VERSION = 1.0;
				PRODUCT_BUNDLE_IDENTIFIER = com.babychatinc.BabyChatTests;
				PRODUCT_NAME = "$(TARGET_NAME)";
				SWIFT_EMIT_LOC_STRINGS = NO;
				SWIFT_VERSION = 5.0;
				TARGETED_DEVICE_FAMILY = "1,2";
				TEST_HOST = "$(BUILT_PRODUCTS_DIR)/BabyChat.app/$(BUNDLE_EXECUTABLE_FOLDER_PATH)/BabyChat";
			};
			name = Debug;
		};
		64C9367C2D89C13F00084E3F /* Release */ = {
			isa = XCBuildConfiguration;
			buildSettings = {
				BUNDLE_LOADER = "$(TEST_HOST)";
				CODE_SIGN_STYLE = Automatic;
				CURRENT_PROJECT_VERSION = 1;
				GENERATE_INFOPLIST_FILE = YES;
				IPHONEOS_DEPLOYMENT_TARGET = 18.2;
				MARKETING_VERSION = 1.0;
				PRODUCT_BUNDLE_IDENTIFIER = com.babychatinc.BabyChatTests;
				PRODUCT_NAME = "$(TARGET_NAME)";
				SWIFT_EMIT_LOC_STRINGS = NO;
				SWIFT_VERSION = 5.0;
				TARGETED_DEVICE_FAMILY = "1,2";
				TEST_HOST = "$(BUILT_PRODUCTS_DIR)/BabyChat.app/$(BUNDLE_EXECUTABLE_FOLDER_PATH)/BabyChat";
			};
			name = Release;
		};
		64C9367E2D89C13F00084E3F /* Debug */ = {
			isa = XCBuildConfiguration;
			buildSettings = {
				CODE_SIGN_STYLE = Automatic;
				CURRENT_PROJECT_VERSION = 1;
				GENERATE_INFOPLIST_FILE = YES;
				MARKETING_VERSION = 1.0;
				PRODUCT_BUNDLE_IDENTIFIER = com.babychatinc.BabyChatUITests;
				PRODUCT_NAME = "$(TARGET_NAME)";
				SWIFT_EMIT_LOC_STRINGS = NO;
				SWIFT_VERSION = 5.0;
				TARGETED_DEVICE_FAMILY = "1,2";
				TEST_TARGET_NAME = BabyChat;
			};
			name = Debug;
		};
		64C9367F2D89C13F00084E3F /* Release */ = {
			isa = XCBuildConfiguration;
			buildSettings = {
				CODE_SIGN_STYLE = Automatic;
				CURRENT_PROJECT_VERSION = 1;
				GENERATE_INFOPLIST_FILE = YES;
				MARKETING_VERSION = 1.0;
				PRODUCT_BUNDLE_IDENTIFIER = com.babychatinc.BabyChatUITests;
				PRODUCT_NAME = "$(TARGET_NAME)";
				SWIFT_EMIT_LOC_STRINGS = NO;
				SWIFT_VERSION = 5.0;
				TARGETED_DEVICE_FAMILY = "1,2";
				TEST_TARGET_NAME = BabyChat;
			};
			name = Release;
		};
/* End XCBuildConfiguration section */

/* Begin XCConfigurationList section */
		64C9364E2D89C13E00084E3F /* Build configuration list for PBXProject "BabyChat" */ = {
			isa = XCConfigurationList;
			buildConfigurations = (
				64C936752D89C13F00084E3F /* Debug */,
				64C936762D89C13F00084E3F /* Release */,
			);
			defaultConfigurationIsVisible = 0;
			defaultConfigurationName = Release;
		};
		64C936772D89C13F00084E3F /* Build configuration list for PBXNativeTarget "BabyChat" */ = {
			isa = XCConfigurationList;
			buildConfigurations = (
				64C936782D89C13F00084E3F /* Debug */,
				64C936792D89C13F00084E3F /* Release */,
			);
			defaultConfigurationIsVisible = 0;
			defaultConfigurationName = Release;
		};
		64C9367A2D89C13F00084E3F /* Build configuration list for PBXNativeTarget "BabyChatTests" */ = {
			isa = XCConfigurationList;
			buildConfigurations = (
				64C9367B2D89C13F00084E3F /* Debug */,
				64C9367C2D89C13F00084E3F /* Release */,
			);
			defaultConfigurationIsVisible = 0;
			defaultConfigurationName = Release;
		};
		64C9367D2D89C13F00084E3F /* Build configuration list for PBXNativeTarget "BabyChatUITests" */ = {
			isa = XCConfigurationList;
			buildConfigurations = (
				64C9367E2D89C13F00084E3F /* Debug */,
				64C9367F2D89C13F00084E3F /* Release */,
			);
			defaultConfigurationIsVisible = 0;
			defaultConfigurationName = Release;
		};
/* End XCConfigurationList section */

/* Begin XCRemoteSwiftPackageReference section */
		6422A86D2D9BB5550043797C /* XCRemoteSwiftPackageReference "firebase-ios-sdk" */ = {
			isa = XCRemoteSwiftPackageReference;
			repositoryURL = "https://github.com/firebase/firebase-ios-sdk";
			requirement = {
				kind = upToNextMajorVersion;
				minimumVersion = 11.11.0;
			};
		};
/* End XCRemoteSwiftPackageReference section */

/* Begin XCSwiftPackageProductDependency section */
		6422A86E2D9BB5550043797C /* FirebaseAuth */ = {
			isa = XCSwiftPackageProductDependency;
			package = 6422A86D2D9BB5550043797C /* XCRemoteSwiftPackageReference "firebase-ios-sdk" */;
			productName = FirebaseAuth;
		};
		6422A8702D9BB5550043797C /* FirebaseCore */ = {
			isa = XCSwiftPackageProductDependency;
			package = 6422A86D2D9BB5550043797C /* XCRemoteSwiftPackageReference "firebase-ios-sdk" */;
			productName = FirebaseCore;
		};
		6422A8722D9BB7990043797C /* FirebaseFirestore */ = {
			isa = XCSwiftPackageProductDependency;
			package = 6422A86D2D9BB5550043797C /* XCRemoteSwiftPackageReference "firebase-ios-sdk" */;
			productName = FirebaseFirestore;
		};
		6422A8742D9BBAE20043797C /* FirebaseDatabase */ = {
			isa = XCSwiftPackageProductDependency;
			package = 6422A86D2D9BB5550043797C /* XCRemoteSwiftPackageReference "firebase-ios-sdk" */;
			productName = FirebaseDatabase;
		};
/* End XCSwiftPackageProductDependency section */
	};
	rootObject = 64C9364B2D89C13E00084E3F /* Project object */;
}
